<?xml version="1.0" encoding="utf-8"?>
<Project ToolsVersion="4.0" xmlns="http://schemas.microsoft.com/developer/msbuild/2003">
  <ItemGroup>
    <Filter Include="src">
      <UniqueIdentifier>{2DAB880B-99B4-887C-2230-9F7C8E38947C}</UniqueIdentifier>
    </Filter>
    <Filter Include="src\Mint">
      <UniqueIdentifier>{743522CF-6002-7DDA-891B-6B827547B268}</UniqueIdentifier>
    </Filter>
    <Filter Include="src\Mint\Audio">
      <UniqueIdentifier>{750A1643-61D8-0949-4A6C-7A6F36D9E5AD}</UniqueIdentifier>
    </Filter>
    <Filter Include="src\Mint\Core">
      <UniqueIdentifier>{4CE2DA47-B8A2-567E-81DD-9FFBED5C9B5A}</UniqueIdentifier>
    </Filter>
    <Filter Include="src\Mint\Events">
      <UniqueIdentifier>{D8B63EAF-4442-AC73-4D53-2F68B95D0874}</UniqueIdentifier>
    </Filter>
    <Filter Include="src\Mint\ImGui">
      <UniqueIdentifier>{9EF1A143-8ABF-9549-7353-06705FC071AE}</UniqueIdentifier>
    </Filter>
    <Filter Include="src\Mint\Math">
      <UniqueIdentifier>{CD22E047-39E3-5B7E-021E-A5FB6E9DA05A}</UniqueIdentifier>
    </Filter>
    <Filter Include="src\Mint\Physics">
      <UniqueIdentifier>{E66C9AC6-D265-B918-FB97-9E9DE7EF9824}</UniqueIdentifier>
    </Filter>
    <Filter Include="src\Mint\Render">
      <UniqueIdentifier>{63E962CC-CF74-D090-D885-538544902C91}</UniqueIdentifier>
    </Filter>
    <Filter Include="src\Mint\Render\Camera">
      <UniqueIdentifier>{7BB0ABD7-67AA-D429-5017-6B3A3CB03A96}</UniqueIdentifier>
    </Filter>
    <Filter Include="src\Mint\Scene">
      <UniqueIdentifier>{91E95144-7DB7-454A-664B-B67052B821AF}</UniqueIdentifier>
    </Filter>
    <Filter Include="src\Mint\Scripting">
      <UniqueIdentifier>{760B7265-62EF-32BB-CB4F-2D0EB7521D3D}</UniqueIdentifier>
    </Filter>
    <Filter Include="src\Mint\Util">
      <UniqueIdentifier>{41D5E447-AD95-607E-76D0-A9FBE24FA55A}</UniqueIdentifier>
    </Filter>
    <Filter Include="src\Platform">
      <UniqueIdentifier>{21CA02E5-0D2D-9289-B6B2-CA3FA2F45D0C}</UniqueIdentifier>
    </Filter>
    <Filter Include="src\Platform\OpenGL">
      <UniqueIdentifier>{35A49437-A105-7245-2A73-B8F796D3A804}</UniqueIdentifier>
    </Filter>
    <Filter Include="src\Platform\Windows">
      <UniqueIdentifier>{5B054582-4794-CE4B-F0B2-E246DC20DFF1}</UniqueIdentifier>
    </Filter>
    <Filter Include="vendor">
      <UniqueIdentifier>{B3738122-9F15-ACF8-88D0-BF4C74113349}</UniqueIdentifier>
    </Filter>
    <Filter Include="vendor\entt">
      <UniqueIdentifier>{DD8078C1-4936-F1B6-D22A-EB8D3EDFE7BA}</UniqueIdentifier>
    </Filter>
    <Filter Include="vendor\stb_image">
      <UniqueIdentifier>{0DA0BA59-F998-D9AB-22CB-BE300E23B9B7}</UniqueIdentifier>
    </Filter>
    <Filter Include="vendor\tinyobjloader">
      <UniqueIdentifier>{386CC32A-24FB-4CF4-CD19-61EFB9875D9A}</UniqueIdentifier>
    </Filter>
  </ItemGroup>
  <ItemGroup>
    <ClInclude Include="src\Mint.h">
      <Filter>src</Filter>
    </ClInclude>
    <ClInclude Include="src\Mint\Audio\AudioErrorCheck.h">
      <Filter>src\Mint\Audio</Filter>
    </ClInclude>
    <ClInclude Include="src\Mint\Audio\AudioListener.h">
      <Filter>src\Mint\Audio</Filter>
    </ClInclude>
    <ClInclude Include="src\Mint\Audio\MusicBuffer.h">
      <Filter>src\Mint\Audio</Filter>
    </ClInclude>
    <ClInclude Include="src\Mint\Audio\SoundEffect.h">
      <Filter>src\Mint\Audio</Filter>
    </ClInclude>
    <ClInclude Include="src\Mint\Audio\SoundEffectLib.h">
      <Filter>src\Mint\Audio</Filter>
    </ClInclude>
    <ClInclude Include="src\Mint\Core\Application.h">
      <Filter>src\Mint\Core</Filter>
    </ClInclude>
    <ClInclude Include="src\Mint\Core\Base.h">
      <Filter>src\Mint\Core</Filter>
    </ClInclude>
    <ClInclude Include="src\Mint\Core\Buffer.h">
      <Filter>src\Mint\Core</Filter>
    </ClInclude>
    <ClInclude Include="src\Mint\Core\EntryPoint.h">
      <Filter>src\Mint\Core</Filter>
    </ClInclude>
    <ClInclude Include="src\Mint\Core\Input.h">
      <Filter>src\Mint\Core</Filter>
    </ClInclude>
    <ClInclude Include="src\Mint\Core\KeyCodes.h">
      <Filter>src\Mint\Core</Filter>
    </ClInclude>
    <ClInclude Include="src\Mint\Core\Layer.h">
      <Filter>src\Mint\Core</Filter>
    </ClInclude>
    <ClInclude Include="src\Mint\Core\LayerStack.h">
      <Filter>src\Mint\Core</Filter>
    </ClInclude>
    <ClInclude Include="src\Mint\Core\Log.h">
      <Filter>src\Mint\Core</Filter>
    </ClInclude>
    <ClInclude Include="src\Mint\Core\TimeStep.h">
      <Filter>src\Mint\Core</Filter>
    </ClInclude>
    <ClInclude Include="src\Mint\Core\Timer.h">
      <Filter>src\Mint\Core</Filter>
    </ClInclude>
    <ClInclude Include="src\Mint\Core\UUID.h">
      <Filter>src\Mint\Core</Filter>
    </ClInclude>
    <ClInclude Include="src\Mint\Core\Window.h">
      <Filter>src\Mint\Core</Filter>
    </ClInclude>
    <ClInclude Include="src\Mint\Events\ApplicationEvent.h">
      <Filter>src\Mint\Events</Filter>
    </ClInclude>
    <ClInclude Include="src\Mint\Events\Event.h">
      <Filter>src\Mint\Events</Filter>
    </ClInclude>
    <ClInclude Include="src\Mint\Events\KeyEvent.h">
      <Filter>src\Mint\Events</Filter>
    </ClInclude>
    <ClInclude Include="src\Mint\Events\MouseEvent.h">
      <Filter>src\Mint\Events</Filter>
    </ClInclude>
    <ClInclude Include="src\Mint\ImGui\ImGuiLayer.h">
      <Filter>src\Mint\ImGui</Filter>
    </ClInclude>
    <ClInclude Include="src\Mint\Math\AxisAligned.h">
      <Filter>src\Mint\Math</Filter>
    </ClInclude>
    <ClInclude Include="src\Mint\Physics\BasicShapes.h">
      <Filter>src\Mint\Physics</Filter>
    </ClInclude>
    <ClInclude Include="src\Mint\Physics\PhysicsTimer.h">
      <Filter>src\Mint\Physics</Filter>
    </ClInclude>
    <ClInclude Include="src\Mint\Render\Buffer.h">
      <Filter>src\Mint\Render</Filter>
    </ClInclude>
    <ClInclude Include="src\Mint\Render\Camera\Camera.h">
      <Filter>src\Mint\Render\Camera</Filter>
    </ClInclude>
    <ClInclude Include="src\Mint\Render\Camera\EditorCamera.h">
      <Filter>src\Mint\Render\Camera</Filter>
    </ClInclude>
    <ClInclude Include="src\Mint\Render\Camera\PerspectiveCamera.h">
      <Filter>src\Mint\Render\Camera</Filter>
    </ClInclude>
    <ClInclude Include="src\Mint\Render\Camera\SceneCamera.h">
      <Filter>src\Mint\Render\Camera</Filter>
    </ClInclude>
    <ClInclude Include="src\Mint\Render\FrameBuffer.h">
      <Filter>src\Mint\Render</Filter>
    </ClInclude>
    <ClInclude Include="src\Mint\Render\GraphicContext.h">
      <Filter>src\Mint\Render</Filter>
    </ClInclude>
    <ClInclude Include="src\Mint\Render\Model.h">
      <Filter>src\Mint\Render</Filter>
    </ClInclude>
    <ClInclude Include="src\Mint\Render\RenderAPI.h">
      <Filter>src\Mint\Render</Filter>
    </ClInclude>
    <ClInclude Include="src\Mint\Render\RenderCommand.h">
      <Filter>src\Mint\Render</Filter>
    </ClInclude>
    <ClInclude Include="src\Mint\Render\Renderer.h">
      <Filter>src\Mint\Render</Filter>
    </ClInclude>
    <ClInclude Include="src\Mint\Render\Renderer3D.h">
      <Filter>src\Mint\Render</Filter>
    </ClInclude>
    <ClInclude Include="src\Mint\Render\Shader.h">
      <Filter>src\Mint\Render</Filter>
    </ClInclude>
    <ClInclude Include="src\Mint\Render\Texture.h">
      <Filter>src\Mint\Render</Filter>
    </ClInclude>
    <ClInclude Include="src\Mint\Render\VertexArray.h">
      <Filter>src\Mint\Render</Filter>
    </ClInclude>
    <ClInclude Include="src\Mint\Scene\Components.h">
      <Filter>src\Mint\Scene</Filter>
    </ClInclude>
    <ClInclude Include="src\Mint\Scene\Entity.h">
      <Filter>src\Mint\Scene</Filter>
    </ClInclude>
    <ClInclude Include="src\Mint\Scene\Scene.h">
      <Filter>src\Mint\Scene</Filter>
    </ClInclude>
    <ClInclude Include="src\Mint\Scene\SceneSerializer.h">
      <Filter>src\Mint\Scene</Filter>
    </ClInclude>
    <ClInclude Include="src\Mint\Scene\ScriptableEntity.h">
      <Filter>src\Mint\Scene</Filter>
    </ClInclude>
    <ClInclude Include="src\Mint\Scripting\ScriptEngine.h">
      <Filter>src\Mint\Scripting</Filter>
    </ClInclude>
    <ClInclude Include="src\Mint\Scripting\ScriptGlue.h">
      <Filter>src\Mint\Scripting</Filter>
    </ClInclude>
    <ClInclude Include="src\Mint\Util\FileSystem.h">
      <Filter>src\Mint\Util</Filter>
    </ClInclude>
    <ClInclude Include="src\Mint\Util\React3dUtil.h">
      <Filter>src\Mint\Util</Filter>
    </ClInclude>
    <ClInclude Include="src\Platform\OpenGL\OpenGLBuffer.h">
      <Filter>src\Platform\OpenGL</Filter>
    </ClInclude>
    <ClInclude Include="src\Platform\OpenGL\OpenGLContext.h">
      <Filter>src\Platform\OpenGL</Filter>
    </ClInclude>
    <ClInclude Include="src\Platform\OpenGL\OpenGLFrameBuffer.h">
      <Filter>src\Platform\OpenGL</Filter>
    </ClInclude>
    <ClInclude Include="src\Platform\OpenGL\OpenGLModel.h">
      <Filter>src\Platform\OpenGL</Filter>
    </ClInclude>
    <ClInclude Include="src\Platform\OpenGL\OpenGLRenderAPI.h">
      <Filter>src\Platform\OpenGL</Filter>
    </ClInclude>
    <ClInclude Include="src\Platform\OpenGL\OpenGLRenderer.h">
      <Filter>src\Platform\OpenGL</Filter>
    </ClInclude>
    <ClInclude Include="src\Platform\OpenGL\OpenGLShader.h">
      <Filter>src\Platform\OpenGL</Filter>
    </ClInclude>
    <ClInclude Include="src\Platform\OpenGL\OpenGLTexture.h">
      <Filter>src\Platform\OpenGL</Filter>
    </ClInclude>
    <ClInclude Include="src\Platform\OpenGL\OpenGLVertexArray.h">
      <Filter>src\Platform\OpenGL</Filter>
    </ClInclude>
    <ClInclude Include="src\Platform\Windows\WindowsWindow.h">
      <Filter>src\Platform\Windows</Filter>
    </ClInclude>
    <ClInclude Include="src\pch.h">
      <Filter>src</Filter>
    </ClInclude>
    <ClInclude Include="vendor\entt\entt.hpp">
      <Filter>vendor\entt</Filter>
    </ClInclude>
    <ClInclude Include="vendor\stb_image\stb_image.h">
      <Filter>vendor\stb_image</Filter>
    </ClInclude>
    <ClInclude Include="vendor\stb_image\stb_image_write.h">
      <Filter>vendor\stb_image</Filter>
    </ClInclude>
    <ClInclude Include="vendor\tinyobjloader\tiny_obj_loader.h">
      <Filter>vendor\tinyobjloader</Filter>
    </ClInclude>
    <ClInclude Include="src\Mint\Physics\PhysicsManger.h" />
  </ItemGroup>
  <ItemGroup>
    <ClCompile Include="src\Mint\Audio\AudioListener.cpp">
      <Filter>src\Mint\Audio</Filter>
    </ClCompile>
    <ClCompile Include="src\Mint\Audio\MusicBuffer.cpp">
      <Filter>src\Mint\Audio</Filter>
    </ClCompile>
    <ClCompile Include="src\Mint\Audio\SoundEffect.cpp">
      <Filter>src\Mint\Audio</Filter>
    </ClCompile>
    <ClCompile Include="src\Mint\Audio\SoundEffectLib.cpp">
      <Filter>src\Mint\Audio</Filter>
    </ClCompile>
    <ClCompile Include="src\Mint\Core\Application.cpp">
      <Filter>src\Mint\Core</Filter>
    </ClCompile>
    <ClCompile Include="src\Mint\Core\Layer.cpp">
      <Filter>src\Mint\Core</Filter>
    </ClCompile>
    <ClCompile Include="src\Mint\Core\LayerStack.cpp">
      <Filter>src\Mint\Core</Filter>
    </ClCompile>
    <ClCompile Include="src\Mint\Core\Log.cpp">
      <Filter>src\Mint\Core</Filter>
    </ClCompile>
    <ClCompile Include="src\Mint\Core\TimeStep.cpp">
      <Filter>src\Mint\Core</Filter>
    </ClCompile>
    <ClCompile Include="src\Mint\Core\UUID.cpp">
      <Filter>src\Mint\Core</Filter>
    </ClCompile>
    <ClCompile Include="src\Mint\ImGui\ImGuiBuild.cpp">
      <Filter>src\Mint\ImGui</Filter>
    </ClCompile>
    <ClCompile Include="src\Mint\ImGui\ImGuiLayer.cpp">
      <Filter>src\Mint\ImGui</Filter>
    </ClCompile>
    <ClCompile Include="src\Mint\Math\AxisAligned.cpp">
      <Filter>src\Mint\Math</Filter>
    </ClCompile>
    <ClCompile Include="src\Mint\Render\Buffer.cpp">
      <Filter>src\Mint\Render</Filter>
    </ClCompile>
    <ClCompile Include="src\Mint\Render\Camera\EditorCamera.cpp">
      <Filter>src\Mint\Render\Camera</Filter>
    </ClCompile>
    <ClCompile Include="src\Mint\Render\Camera\PerspectiveCamera.cpp">
      <Filter>src\Mint\Render\Camera</Filter>
    </ClCompile>
    <ClCompile Include="src\Mint\Render\Camera\SceneCamera.cpp">
      <Filter>src\Mint\Render\Camera</Filter>
    </ClCompile>
    <ClCompile Include="src\Mint\Render\FrameBuffer.cpp">
      <Filter>src\Mint\Render</Filter>
    </ClCompile>
    <ClCompile Include="src\Mint\Render\Model.cpp">
      <Filter>src\Mint\Render</Filter>
    </ClCompile>
    <ClCompile Include="src\Mint\Render\RenderAPI.cpp">
      <Filter>src\Mint\Render</Filter>
    </ClCompile>
    <ClCompile Include="src\Mint\Render\RenderCommand.cpp">
      <Filter>src\Mint\Render</Filter>
    </ClCompile>
    <ClCompile Include="src\Mint\Render\Renderer.cpp">
      <Filter>src\Mint\Render</Filter>
    </ClCompile>
    <ClCompile Include="src\Mint\Render\Renderer3D.cpp">
      <Filter>src\Mint\Render</Filter>
    </ClCompile>
    <ClCompile Include="src\Mint\Render\Shader.cpp">
      <Filter>src\Mint\Render</Filter>
    </ClCompile>
    <ClCompile Include="src\Mint\Render\Texture.cpp">
      <Filter>src\Mint\Render</Filter>
    </ClCompile>
    <ClCompile Include="src\Mint\Render\VertexArray.cpp">
      <Filter>src\Mint\Render</Filter>
    </ClCompile>
    <ClCompile Include="src\Mint\Scene\Entity.cpp">
      <Filter>src\Mint\Scene</Filter>
    </ClCompile>
    <ClCompile Include="src\Mint\Scene\Scene.cpp">
      <Filter>src\Mint\Scene</Filter>
    </ClCompile>
    <ClCompile Include="src\Mint\Scene\SceneSerializer.cpp">
      <Filter>src\Mint\Scene</Filter>
    </ClCompile>
    <ClCompile Include="src\Mint\Scene\ScriptableEntity.cpp">
      <Filter>src\Mint\Scene</Filter>
    </ClCompile>
    <ClCompile Include="src\Mint\Scripting\ScriptEngine.cpp">
      <Filter>src\Mint\Scripting</Filter>
    </ClCompile>
    <ClCompile Include="src\Mint\Scripting\ScriptGlue.cpp">
      <Filter>src\Mint\Scripting</Filter>
    </ClCompile>
    <ClCompile Include="src\Mint\Util\FileSystem.cpp">
      <Filter>src\Mint\Util</Filter>
    </ClCompile>
    <ClCompile Include="src\Mint\Util\React3dUtil.cpp">
      <Filter>src\Mint\Util</Filter>
    </ClCompile>
    <ClCompile Include="src\Platform\OpenGL\OpenGLBuffer.cpp">
      <Filter>src\Platform\OpenGL</Filter>
    </ClCompile>
    <ClCompile Include="src\Platform\OpenGL\OpenGLContext.cpp">
      <Filter>src\Platform\OpenGL</Filter>
    </ClCompile>
    <ClCompile Include="src\Platform\OpenGL\OpenGLFrameBuffer.cpp">
      <Filter>src\Platform\OpenGL</Filter>
    </ClCompile>
    <ClCompile Include="src\Platform\OpenGL\OpenGLModel.cpp">
      <Filter>src\Platform\OpenGL</Filter>
    </ClCompile>
    <ClCompile Include="src\Platform\OpenGL\OpenGLRenderAPI.cpp">
      <Filter>src\Platform\OpenGL</Filter>
    </ClCompile>
    <ClCompile Include="src\Platform\OpenGL\OpenGLShader.cpp">
      <Filter>src\Platform\OpenGL</Filter>
    </ClCompile>
    <ClCompile Include="src\Platform\OpenGL\OpenGLTexture.cpp">
      <Filter>src\Platform\OpenGL</Filter>
    </ClCompile>
    <ClCompile Include="src\Platform\OpenGL\OpenGLVertexArray.cpp">
      <Filter>src\Platform\OpenGL</Filter>
    </ClCompile>
    <ClCompile Include="src\Platform\Windows\WindowsInput.cpp">
      <Filter>src\Platform\Windows</Filter>
    </ClCompile>
    <ClCompile Include="src\Platform\Windows\WindowsWindow.cpp">
      <Filter>src\Platform\Windows</Filter>
    </ClCompile>
    <ClCompile Include="src\pch.cpp">
      <Filter>src</Filter>
    </ClCompile>
    <ClCompile Include="vendor\stb_image\stb_image.cpp">
      <Filter>vendor\stb_image</Filter>
    </ClCompile>
    <ClCompile Include="vendor\stb_image\stb_image_write.cpp">
      <Filter>vendor\stb_image</Filter>
    </ClCompile>
    <ClCompile Include="src\Mint\Physics\PhysicsManger.cpp" />
  </ItemGroup>
</Project>